
Microsoft Visual Studio Solution File, Format Version 12.00
# Visual Studio Version 16
VisualStudioVersion = 16.0.31205.134
MinimumVisualStudioVersion = 10.0.40219.1
Project("{FAE04EC0-301F-11D3-BF4B-00C04F79EFBC}") = "Proyecto04", "Proyecto04\Proyecto04.csproj", "{D8C84F65-9C8F-4FED-AADF-49BF0D8C85ED}"
EndProject
Global
	GlobalSection(SolutionConfigurationPlatforms) = preSolution
		Debug|Any CPU = Debug|Any CPU
		Release|Any CPU = Release|Any CPU
	EndGlobalSection
	GlobalSection(ProjectConfigurationPlatforms) = postSolution
		{D8C84F65-9C8F-4FED-AADF-49BF0D8C85ED}.Debug|Any CPU.ActiveCfg = Debug|Any CPU
		{D8C84F65-9C8F-4FED-AADF-49BF0D8C85ED}.Debug|Any CPU.Build.0 = Debug|Any CPU
		{D8C84F65-9C8F-4FED-AADF-49BF0D8C85ED}.Release|Any CPU.ActiveCfg = Release|Any CPU
		{D8C84F65-9C8F-4FED-AADF-49BF0D8C85ED}.Release|Any CPU.Build.0 = Release|Any CPU
	EndGlobalSection
	GlobalSection(SolutionProperties) = preSolution
		HideSolutionNode = FALSE
	EndGlobalSection
	GlobalSection(ExtensibilityGlobals) = postSolution
		SolutionGuid = {DD71DC83-0527-40F9-8E35-C4844C21A2AD}
	EndGlobalSection
EndGlobal
